// !$*UTF8*$!
{
	archiveVersion = 1;
	classes = {
	};
	objectVersion = 46;
	objects = {

/* Begin PBXBuildFile section */
		0121A5771D770FFE00DDCC22 /* AppDelegate.swift in Sources */ = {isa = PBXBuildFile; fileRef = 0121A5761D770FFE00DDCC22 /* AppDelegate.swift */; };
		0121A5791D770FFE00DDCC22 /* ViewController.swift in Sources */ = {isa = PBXBuildFile; fileRef = 0121A5781D770FFE00DDCC22 /* ViewController.swift */; };
		0121A57C1D770FFE00DDCC22 /* Main.storyboard in Resources */ = {isa = PBXBuildFile; fileRef = 0121A57A1D770FFE00DDCC22 /* Main.storyboard */; };
		0121A57E1D770FFE00DDCC22 /* Assets.xcassets in Resources */ = {isa = PBXBuildFile; fileRef = 0121A57D1D770FFE00DDCC22 /* Assets.xcassets */; };
		0121A5811D770FFE00DDCC22 /* LaunchScreen.storyboard in Resources */ = {isa = PBXBuildFile; fileRef = 0121A57F1D770FFE00DDCC22 /* LaunchScreen.storyboard */; };
		0121A5891D7764DE00DDCC22 /* RingsView.swift in Sources */ = {isa = PBXBuildFile; fileRef = 0121A5881D7764DE00DDCC22 /* RingsView.swift */; };
		0121A58B1D779F6D00DDCC22 /* tf2.json in Resources */ = {isa = PBXBuildFile; fileRef = 0121A58A1D779F6D00DDCC22 /* tf2.json */; };
		0121A58F1D77AA0500DDCC22 /* demoman.png in Resources */ = {isa = PBXBuildFile; fileRef = 0121A58C1D77AA0500DDCC22 /* demoman.png */; };
		0121A5901D77AA0500DDCC22 /* pyro.png in Resources */ = {isa = PBXBuildFile; fileRef = 0121A58D1D77AA0500DDCC22 /* pyro.png */; };
		0121A5911D77AA0500DDCC22 /* scout.png in Resources */ = {isa = PBXBuildFile; fileRef = 0121A58E1D77AA0500DDCC22 /* scout.png */; };
/* End PBXBuildFile section */

/* Begin PBXFileReference section */
		0121A5731D770FFE00DDCC22 /* levelup.app */ = {isa = PBXFileReference; explicitFileType = wrapper.application; includeInIndex = 0; path = levelup.app; sourceTree = BUILT_PRODUCTS_DIR; };
		0121A5761D770FFE00DDCC22 /* AppDelegate.swift */ = {isa = PBXFileReference; lastKnownFileType = sourcecode.swift; path = AppDelegate.swift; sourceTree = "<group>"; };
		0121A5781D770FFE00DDCC22 /* ViewController.swift */ = {isa = PBXFileReference; lastKnownFileType = sourcecode.swift; path = ViewController.swift; sourceTree = "<group>"; };
		0121A57B1D770FFE00DDCC22 /* Base */ = {isa = PBXFileReference; lastKnownFileType = file.storyboard; name = Base; path = Base.lproj/Main.storyboard; sourceTree = "<group>"; };
		0121A57D1D770FFE00DDCC22 /* Assets.xcassets */ = {isa = PBXFileReference; lastKnownFileType = folder.assetcatalog; path = Assets.xcassets; sourceTree = "<group>"; };
		0121A5801D770FFE00DDCC22 /* Base */ = {isa = PBXFileReference; lastKnownFileType = file.storyboard; name = Base; path = Base.lproj/LaunchScreen.storyboard; sourceTree = "<group>"; };
		0121A5821D770FFE00DDCC22 /* Info.plist */ = {isa = PBXFileReference; lastKnownFileType = text.plist.xml; path = Info.plist; sourceTree = "<group>"; };
		0121A5881D7764DE00DDCC22 /* RingsView.swift */ = {isa = PBXFileReference; fileEncoding = 4; lastKnownFileType = sourcecode.swift; name = RingsView.swift; path = ../RingsView.swift; sourceTree = "<group>"; };
		0121A58A1D779F6D00DDCC22 /* tf2.json */ = {isa = PBXFileReference; fileEncoding = 4; lastKnownFileType = text.json; path = tf2.json; sourceTree = "<group>"; };
		0121A58C1D77AA0500DDCC22 /* demoman.png */ = {isa = PBXFileReference; lastKnownFileType = image.png; path = demoman.png; sourceTree = "<group>"; };
		0121A58D1D77AA0500DDCC22 /* pyro.png */ = {isa = PBXFileReference; lastKnownFileType = image.png; path = pyro.png; sourceTree = "<group>"; };
		0121A58E1D77AA0500DDCC22 /* scout.png */ = {isa = PBXFileReference; lastKnownFileType = image.png; path = scout.png; sourceTree = "<group>"; };
		0121A5931D77AECD00DDCC22 /* Base */ = {isa = PBXFileReference; lastKnownFileType = sourcecode.swift; name = Base; path = Base.lproj/SteamData.swift; sourceTree = "<group>"; };
/* End PBXFileReference section */

/* Begin PBXFrameworksBuildPhase section */
		0121A5701D770FFE00DDCC22 /* Frameworks */ = {
			isa = PBXFrameworksBuildPhase;
			buildActionMask = 2147483647;
			files = (
			);
			runOnlyForDeploymentPostprocessing = 0;
		};
/* End PBXFrameworksBuildPhase section */

/* Begin PBXGroup section */
		0121A56A1D770FFE00DDCC22 = {
			isa = PBXGroup;
			children = (
				0121A5751D770FFE00DDCC22 /* levelup */,
				0121A5741D770FFE00DDCC22 /* Products */,
			);
			sourceTree = "<group>";
		};
		0121A5741D770FFE00DDCC22 /* Products */ = {
			isa = PBXGroup;
			children = (
				0121A5731D770FFE00DDCC22 /* levelup.app */,
			);
			name = Products;
			sourceTree = "<group>";
		};
		0121A5751D770FFE00DDCC22 /* levelup */ = {
			isa = PBXGroup;
			children = (
				0121A5761D770FFE00DDCC22 /* AppDelegate.swift */,
				0121A5781D770FFE00DDCC22 /* ViewController.swift */,
				0121A5921D77AECC00DDCC22 /* SteamData.swift */,
				0121A5881D7764DE00DDCC22 /* RingsView.swift */,
				0121A57A1D770FFE00DDCC22 /* Main.storyboard */,
				0121A57D1D770FFE00DDCC22 /* Assets.xcassets */,
				0121A57F1D770FFE00DDCC22 /* LaunchScreen.storyboard */,
				0121A5821D770FFE00DDCC22 /* Info.plist */,
				0121A58C1D77AA0500DDCC22 /* demoman.png */,
				0121A58D1D77AA0500DDCC22 /* pyro.png */,
				0121A58E1D77AA0500DDCC22 /* scout.png */,
				0121A58A1D779F6D00DDCC22 /* tf2.json */,
			);
			path = levelup;
			sourceTree = "<group>";
		};
/* End PBXGroup section */

/* Begin PBXNativeTarget section */
		0121A5721D770FFE00DDCC22 /* levelup */ = {
			isa = PBXNativeTarget;
			buildConfigurationList = 0121A5851D770FFE00DDCC22 /* Build configuration list for PBXNativeTarget "levelup" */;
			buildPhases = (
				0121A56F1D770FFE00DDCC22 /* Sources */,
				0121A5701D770FFE00DDCC22 /* Frameworks */,
				0121A5711D770FFE00DDCC22 /* Resources */,
			);
			buildRules = (
			);
			dependencies = (
			);
			name = levelup;
			productName = levelup;
			productReference = 0121A5731D770FFE00DDCC22 /* levelup.app */;
			productType = "com.apple.product-type.application";
		};
/* End PBXNativeTarget section */

/* Begin PBXProject section */
		0121A56B1D770FFE00DDCC22 /* Project object */ = {
			isa = PBXProject;
			attributes = {
				LastSwiftUpdateCheck = 0730;
				LastUpgradeCheck = 0730;
				ORGANIZATIONNAME = "Gem Barrett";
				TargetAttributes = {
					0121A5721D770FFE00DDCC22 = {
						CreatedOnToolsVersion = 7.3.1;
					};
				};
			};
			buildConfigurationList = 0121A56E1D770FFE00DDCC22 /* Build configuration list for PBXProject "levelup" */;
			compatibilityVersion = "Xcode 3.2";
			developmentRegion = English;
			hasScannedForEncodings = 0;
			knownRegions = (
				en,
				Base,
			);
			mainGroup = 0121A56A1D770FFE00DDCC22;
			productRefGroup = 0121A5741D770FFE00DDCC22 /* Products */;
			projectDirPath = "";
			projectRoot = "";
			targets = (
				0121A5721D770FFE00DDCC22 /* levelup */,
			);
		};
/* End PBXProject section */

/* Begin PBXResourcesBuildPhase section */
		0121A5711D770FFE00DDCC22 /* Resources */ = {
			isa = PBXResourcesBuildPhase;
			buildActionMask = 2147483647;
			files = (
				0121A58B1D779F6D00DDCC22 /* tf2.json in Resources */,
				0121A5811D770FFE00DDCC22 /* LaunchScreen.storyboard in Resources */,
				0121A57E1D770FFE00DDCC22 /* Assets.xcassets in Resources */,
				0121A58F1D77AA0500DDCC22 /* demoman.png in Resources */,
				0121A5911D77AA0500DDCC22 /* scout.png in Resources */,
				0121A57C1D770FFE00DDCC22 /* Main.storyboard in Resources */,
				0121A5901D77AA0500DDCC22 /* pyro.png in Resources */,
			);
			runOnlyForDeploymentPostprocessing = 0;
		};
/* End PBXResourcesBuildPhase section */

/* Begin PBXSourcesBuildPhase section */
		0121A56F1D770FFE00DDCC22 /* Sources */ = {
			isa = PBXSourcesBuildPhase;
			buildActionMask = 2147483647;
			files = (
				0121A5791D770FFE00DDCC22 /* ViewController.swift in Sources */,
				0121A5891D7764DE00DDCC22 /* RingsView.swift in Sources */,
				0121A5771D770FFE00DDCC22 /* AppDelegate.swift in Sources */,
			);
			runOnlyForDeploymentPostprocessing = 0;
		};
/* End PBXSourcesBuildPhase section */

/* Begin PBXVariantGroup section */
		0121A57A1D770FFE00DDCC22 /* Main.storyboard */ = {
			isa = PBXVariantGroup;
			children = (
				0121A57B1D770FFE00DDCC22 /* Base */,
			);
			name = Main.storyboard;
			sourceTree = "<group>";
		};
		0121A57F1D770FFE00DDCC22 /* LaunchScreen.storyboard */ = {
			isa = PBXVariantGroup;
			children = (
				0121A5801D770FFE00DDCC22 /* Base */,
			);
			name = LaunchScreen.storyboard;
			sourceTree = "<group>";
		};
		0121A5921D77AECC00DDCC22 /* SteamData.swift */ = {
			isa = PBXVariantGroup;
			children = (
				0121A5931D77AECD00DDCC22 /* Base */,
			);
			name = SteamData.swift;
			sourceTree = "<group>";
		};
/* End PBXVariantGroup section */

/* Begin XCBuildConfiguration section */
		0121A5831D770FFE00DDCC22 /* Debug */ = {
			isa = XCBuildConfiguration;
			buildSettings = {
				ALWAYS_SEARCH_USER_PATHS = NO;
				CLANG_ANALYZER_NONNULL = YES;
				CLANG_CXX_LANGUAGE_STANDARD = "gnu++0x";
				CLANG_CXX_LIBRARY = "libc++";
				CLANG_ENABLE_MODULES = YES;
				CLANG_ENABLE_OBJC_ARC = YES;
				CLANG_WARN_BOOL_CONVERSION = YES;
				CLANG_WARN_CONSTANT_CONVERSION = YES;
				CLANG_WARN_DIRECT_OBJC_ISA_USAGE = YES_ERROR;
				CLANG_WARN_EMPTY_BODY = YES;
				CLANG_WARN_ENUM_CONVERSION = YES;
				CLANG_WARN_INT_CONVERSION = YES;
				CLANG_WARN_OBJC_ROOT_CLASS = YES_ERROR;
				CLANG_WARN_UNREACHABLE_CODE = YES;
				CLANG_WARN__DUPLICATE_METHOD_MATCH = YES;
				"CODE_SIGN_IDENTITY[sdk=iphoneos*]" = "iPhone Developer";
				COPY_PHASE_STRIP = NO;
				DEBUG_INFORMATION_FORMAT = dwarf;
				ENABLE_STRICT_OBJC_MSGSEND = YES;
				ENABLE_TESTABILITY = YES;
				GCC_C_LANGUAGE_STANDARD = gnu99;
				GCC_DYNAMIC_NO_PIC = NO;
				GCC_NO_COMMON_BLOCKS = YES;
				GCC_OPTIMIZATION_LEVEL = 0;
				GCC_PREPROCESSOR_DEFINITIONS = (
					"DEBUG=1",
					"$(inherited)",
				);
				GCC_WARN_64_TO_32_BIT_CONVERSION = YES;
				GCC_WARN_ABOUT_RETURN_TYPE = YES_ERROR;
				GCC_WARN_UNDECLARED_SELECTOR = YES;
				GCC_WARN_UNINITIALIZED_AUTOS = YES_AGGRESSIVE;
				GCC_WARN_UNUSED_FUNCTION = YES;
				GCC_WARN_UNUSED_VARIABLE = YES;
				IPHONEOS_DEPLOYMENT_TARGET = 9.3;
				MTL_ENABLE_DEBUG_INFO = YES;
				ONLY_ACTIVE_ARCH = YES;
				SDKROOT = iphoneos;
				SWIFT_OPTIMIZATION_LEVEL = "-Onone";
				TARGETED_DEVICE_FAMILY = "1,2";
			};
			name = Debug;
		};
		0121A5841D770FFE00DDCC22 /* Release */ = {
			isa = XCBuildConfiguration;
			buildSettings = {
				ALWAYS_SEARCH_USER_PATHS = NO;
				CLANG_ANALYZER_NONNULL = YES;
				CLANG_CXX_LANGUAGE_STANDARD = "gnu++0x";
				CLANG_CXX_LIBRARY = "libc++";
				CLANG_ENABLE_MODULES = YES;
				CLANG_ENABLE_OBJC_ARC = YES;
				CLANG_WARN_BOOL_CONVERSION = YES;
				CLANG_WARN_CONSTANT_CONVERSION = YES;
				CLANG_WARN_DIRECT_OBJC_ISA_USAGE = YES_ERROR;
				CLANG_WARN_EMPTY_BODY = YES;
				CLANG_WARN_ENUM_CONVERSION = YES;
				CLANG_WARN_INT_CONVERSION = YES;
				CLANG_WARN_OBJC_ROOT_CLASS = YES_ERROR;
				CLANG_WARN_UNREACHABLE_CODE = YES;
				CLANG_WARN__DUPLICATE_METHOD_MATCH = YES;
				"CODE_SIGN_IDENTITY[sdk=iphoneos*]" = "iPhone Developer";
				COPY_PHASE_STRIP = NO;
				DEBUG_INFORMATION_FORMAT = "dwarf-with-dsym";
				ENABLE_NS_ASSERTIONS = NO;
				ENABLE_STRICT_OBJC_MSGSEND = YES;
				GCC_C_LANGUAGE_STANDARD = gnu99;
				GCC_NO_COMMON_BLOCKS = YES;
				GCC_WARN_64_TO_32_BIT_CONVERSION = YES;
				GCC_WARN_ABOUT_RETURN_TYPE = YES_ERROR;
				GCC_WARN_UNDECLARED_SELECTOR = YES;
				GCC_WARN_UNINITIALIZED_AUTOS = YES_AGGRESSIVE;
				GCC_WARN_UNUSED_FUNCTION = YES;
				GCC_WARN_UNUSED_VARIABLE = YES;
				IPHONEOS_DEPLOYMENT_TARGET = 9.3;
				MTL_ENABLE_DEBUG_INFO = NO;
				SDKROOT = iphoneos;
				TARGETED_DEVICE_FAMILY = "1,2";
				VALIDATE_PRODUCT = YES;
			};
			name = Release;
		};
		0121A5861D770FFE00DDCC22 /* Debug */ = {
			isa = XCBuildConfiguration;
			buildSettings = {
				ASSETCATALOG_COMPILER_APPICON_NAME = AppIcon;
				INFOPLIST_FILE = levelup/Info.plist;
				LD_RUNPATH_SEARCH_PATHS = "$(inherited) @executable_path/Frameworks";
				PRODUCT_BUNDLE_IDENTIFIER = gembarrett.levelup;
				PRODUCT_NAME = "$(TARGET_NAME)";
			};
			name = Debug;
		};
		0121A5871D770FFE00DDCC22 /* Release */ = {
			isa = XCBuildConfiguration;
			buildSettings = {
				ASSETCATALOG_COMPILER_APPICON_NAME = AppIcon;
				INFOPLIST_FILE = levelup/Info.plist;
				LD_RUNPATH_SEARCH_PATHS = "$(inherited) @executable_path/Frameworks";
				PRODUCT_BUNDLE_IDENTIFIER = gembarrett.levelup;
				PRODUCT_NAME = "$(TARGET_NAME)";
			};
			name = Release;
		};
/* End XCBuildConfiguration section */

/* Begin XCConfigurationList section */
		0121A56E1D770FFE00DDCC22 /* Build configuration list for PBXProject "levelup" */ = {
			isa = XCConfigurationList;
			buildConfigurations = (
				0121A5831D770FFE00DDCC22 /* Debug */,
				0121A5841D770FFE00DDCC22 /* Release */,
			);
			defaultConfigurationIsVisible = 0;
			defaultConfigurationName = Release;
		};
		0121A5851D770FFE00DDCC22 /* Build configuration list for PBXNativeTarget "levelup" */ = {
			isa = XCConfigurationList;
			buildConfigurations = (
				0121A5861D770FFE00DDCC22 /* Debug */,
				0121A5871D770FFE00DDCC22 /* Release */,
			);
			defaultConfigurationIsVisible = 0;
		};
/* End XCConfigurationList section */
	};
	rootObject = 0121A56B1D770FFE00DDCC22 /* Project object */;
}
